PODS:
  - ActionSheetPicker-3.0 (2.3.0)
  - IQKeyboardManager (6.2.0)
  - JVFloatLabeledTextField (1.2.1)
  - OneSignal (2.9.2)
  - SWRevealViewController (2.3.0)
  - ZHPopupView (0.1.1)

DEPENDENCIES:
  - ActionSheetPicker-3.0
  - IQKeyboardManager
  - JVFloatLabeledTextField
  - OneSignal (< 3.0, >= 2.6.2)
  - SWRevealViewController
  - ZHPopupView

SPEC REPOS:
  https://github.com/CocoaPods/Specs.git:
    - ActionSheetPicker-3.0
    - IQKeyboardManager
    - JVFloatLabeledTextField
    - OneSignal
    - SWRevealViewController
    - ZHPopupView

SPEC CHECKSUMS:
  ActionSheetPicker-3.0: eef157d75e151f255c5333d26656c7fbfe905a51
  IQKeyboardManager: 6194101620b73af5e67900b8f89707a99de0b804
  JVFloatLabeledTextField: cfc44e3c4d493b2ed92ede8035e8e89c2912ba64
  OneSignal: e00b18be0a81e6e2009d27873c76a6153e5551fe
  SWRevealViewController: 6d3fd97f70112fd7cef9de14df4260eacce4c63a
  ZHPopupView: cb3bedde775803c2c51e3db05cdd07ac6efaaaeb

PODFILE CHECKSUM: 3df358e3c121f78345e10a412fd0858ccf50d208

COCOAPODS: 1.5.0
