// !$*UTF8*$!
{
	archiveVersion = 1;
	classes = {
	};
	objectVersion = 48;
	objects = {

/* Begin PBXBuildFile section */
		18BA072A20845F99002C3DFF /* AppDelegate.m in Sources */ = {isa = PBXBuildFile; fileRef = 18BA072920845F99002C3DFF /* AppDelegate.m */; };
		18BA072D20845F99002C3DFF /* ViewController.m in Sources */ = {isa = PBXBuildFile; fileRef = 18BA072C20845F99002C3DFF /* ViewController.m */; };
		18BA073020845F99002C3DFF /* Main.storyboard in Resources */ = {isa = PBXBuildFile; fileRef = 18BA072E20845F99002C3DFF /* Main.storyboard */; };
		18BA073220845F99002C3DFF /* Assets.xcassets in Resources */ = {isa = PBXBuildFile; fileRef = 18BA073120845F99002C3DFF /* Assets.xcassets */; };
		18BA073520845F99002C3DFF /* LaunchScreen.storyboard in Resources */ = {isa = PBXBuildFile; fileRef = 18BA073320845F99002C3DFF /* LaunchScreen.storyboard */; };
		18BA073820845F99002C3DFF /* main.m in Sources */ = {isa = PBXBuildFile; fileRef = 18BA073720845F99002C3DFF /* main.m */; };
		18BA074220845F99002C3DFF /* HomeWorkersTests.m in Sources */ = {isa = PBXBuildFile; fileRef = 18BA074120845F99002C3DFF /* HomeWorkersTests.m */; };
		18BA074D20845F99002C3DFF /* HomeWorkersUITests.m in Sources */ = {isa = PBXBuildFile; fileRef = 18BA074C20845F99002C3DFF /* HomeWorkersUITests.m */; };
/* End PBXBuildFile section */

/* Begin PBXContainerItemProxy section */
		18BA073E20845F99002C3DFF /* PBXContainerItemProxy */ = {
			isa = PBXContainerItemProxy;
			containerPortal = 18BA071D20845F99002C3DFF /* Project object */;
			proxyType = 1;
			remoteGlobalIDString = 18BA072420845F99002C3DFF;
			remoteInfo = HomeWorkers;
		};
		18BA074920845F99002C3DFF /* PBXContainerItemProxy */ = {
			isa = PBXContainerItemProxy;
			containerPortal = 18BA071D20845F99002C3DFF /* Project object */;
			proxyType = 1;
			remoteGlobalIDString = 18BA072420845F99002C3DFF;
			remoteInfo = HomeWorkers;
		};
/* End PBXContainerItemProxy section */

/* Begin PBXFileReference section */
		18BA072520845F99002C3DFF /* HomeWorkers.app */ = {isa = PBXFileReference; explicitFileType = wrapper.application; includeInIndex = 0; path = HomeWorkers.app; sourceTree = BUILT_PRODUCTS_DIR; };
		18BA072820845F99002C3DFF /* AppDelegate.h */ = {isa = PBXFileReference; lastKnownFileType = sourcecode.c.h; path = AppDelegate.h; sourceTree = "<group>"; };
		18BA072920845F99002C3DFF /* AppDelegate.m */ = {isa = PBXFileReference; lastKnownFileType = sourcecode.c.objc; path = AppDelegate.m; sourceTree = "<group>"; };
		18BA072B20845F99002C3DFF /* ViewController.h */ = {isa = PBXFileReference; lastKnownFileType = sourcecode.c.h; path = ViewController.h; sourceTree = "<group>"; };
		18BA072C20845F99002C3DFF /* ViewController.m */ = {isa = PBXFileReference; lastKnownFileType = sourcecode.c.objc; path = ViewController.m; sourceTree = "<group>"; };
		18BA072F20845F99002C3DFF /* Base */ = {isa = PBXFileReference; lastKnownFileType = file.storyboard; name = Base; path = Base.lproj/Main.storyboard; sourceTree = "<group>"; };
		18BA073120845F99002C3DFF /* Assets.xcassets */ = {isa = PBXFileReference; lastKnownFileType = folder.assetcatalog; path = Assets.xcassets; sourceTree = "<group>"; };
		18BA073420845F99002C3DFF /* Base */ = {isa = PBXFileReference; lastKnownFileType = file.storyboard; name = Base; path = Base.lproj/LaunchScreen.storyboard; sourceTree = "<group>"; };
		18BA073620845F99002C3DFF /* Info.plist */ = {isa = PBXFileReference; lastKnownFileType = text.plist.xml; path = Info.plist; sourceTree = "<group>"; };
		18BA073720845F99002C3DFF /* main.m */ = {isa = PBXFileReference; lastKnownFileType = sourcecode.c.objc; path = main.m; sourceTree = "<group>"; };
		18BA073D20845F99002C3DFF /* HomeWorkersTests.xctest */ = {isa = PBXFileReference; explicitFileType = wrapper.cfbundle; includeInIndex = 0; path = HomeWorkersTests.xctest; sourceTree = BUILT_PRODUCTS_DIR; };
		18BA074120845F99002C3DFF /* HomeWorkersTests.m */ = {isa = PBXFileReference; lastKnownFileType = sourcecode.c.objc; path = HomeWorkersTests.m; sourceTree = "<group>"; };
		18BA074320845F99002C3DFF /* Info.plist */ = {isa = PBXFileReference; lastKnownFileType = text.plist.xml; path = Info.plist; sourceTree = "<group>"; };
		18BA074820845F99002C3DFF /* HomeWorkersUITests.xctest */ = {isa = PBXFileReference; explicitFileType = wrapper.cfbundle; includeInIndex = 0; path = HomeWorkersUITests.xctest; sourceTree = BUILT_PRODUCTS_DIR; };
		18BA074C20845F99002C3DFF /* HomeWorkersUITests.m */ = {isa = PBXFileReference; lastKnownFileType = sourcecode.c.objc; path = HomeWorkersUITests.m; sourceTree = "<group>"; };
		18BA074E20845F99002C3DFF /* Info.plist */ = {isa = PBXFileReference; lastKnownFileType = text.plist.xml; path = Info.plist; sourceTree = "<group>"; };
/* End PBXFileReference section */

/* Begin PBXFrameworksBuildPhase section */
		18BA072220845F99002C3DFF /* Frameworks */ = {
			isa = PBXFrameworksBuildPhase;
			buildActionMask = 2147483647;
			files = (
			);
			runOnlyForDeploymentPostprocessing = 0;
		};
		18BA073A20845F99002C3DFF /* Frameworks */ = {
			isa = PBXFrameworksBuildPhase;
			buildActionMask = 2147483647;
			files = (
			);
			runOnlyForDeploymentPostprocessing = 0;
		};
		18BA074520845F99002C3DFF /* Frameworks */ = {
			isa = PBXFrameworksBuildPhase;
			buildActionMask = 2147483647;
			files = (
			);
			runOnlyForDeploymentPostprocessing = 0;
		};
/* End PBXFrameworksBuildPhase section */

/* Begin PBXGroup section */
		18BA071C20845F99002C3DFF = {
			isa = PBXGroup;
			children = (
				18BA072720845F99002C3DFF /* HomeWorkers */,
				18BA074020845F99002C3DFF /* HomeWorkersTests */,
				18BA074B20845F99002C3DFF /* HomeWorkersUITests */,
				18BA072620845F99002C3DFF /* Products */,
			);
			sourceTree = "<group>";
		};
		18BA072620845F99002C3DFF /* Products */ = {
			isa = PBXGroup;
			children = (
				18BA072520845F99002C3DFF /* HomeWorkers.app */,
				18BA073D20845F99002C3DFF /* HomeWorkersTests.xctest */,
				18BA074820845F99002C3DFF /* HomeWorkersUITests.xctest */,
			);
			name = Products;
			sourceTree = "<group>";
		};
		18BA072720845F99002C3DFF /* HomeWorkers */ = {
			isa = PBXGroup;
			children = (
				18BA072820845F99002C3DFF /* AppDelegate.h */,
				18BA072920845F99002C3DFF /* AppDelegate.m */,
				18BA072B20845F99002C3DFF /* ViewController.h */,
				18BA072C20845F99002C3DFF /* ViewController.m */,
				18BA072E20845F99002C3DFF /* Main.storyboard */,
				18BA073120845F99002C3DFF /* Assets.xcassets */,
				18BA073320845F99002C3DFF /* LaunchScreen.storyboard */,
				18BA073620845F99002C3DFF /* Info.plist */,
				18BA073720845F99002C3DFF /* main.m */,
			);
			path = HomeWorkers;
			sourceTree = "<group>";
		};
		18BA074020845F99002C3DFF /* HomeWorkersTests */ = {
			isa = PBXGroup;
			children = (
				18BA074120845F99002C3DFF /* HomeWorkersTests.m */,
				18BA074320845F99002C3DFF /* Info.plist */,
			);
			path = HomeWorkersTests;
			sourceTree = "<group>";
		};
		18BA074B20845F99002C3DFF /* HomeWorkersUITests */ = {
			isa = PBXGroup;
			children = (
				18BA074C20845F99002C3DFF /* HomeWorkersUITests.m */,
				18BA074E20845F99002C3DFF /* Info.plist */,
			);
			path = HomeWorkersUITests;
			sourceTree = "<group>";
		};
/* End PBXGroup section */

/* Begin PBXNativeTarget section */
		18BA072420845F99002C3DFF /* HomeWorkers */ = {
			isa = PBXNativeTarget;
			buildConfigurationList = 18BA075120845F99002C3DFF /* Build configuration list for PBXNativeTarget "HomeWorkers" */;
			buildPhases = (
				18BA072120845F99002C3DFF /* Sources */,
				18BA072220845F99002C3DFF /* Frameworks */,
				18BA072320845F99002C3DFF /* Resources */,
			);
			buildRules = (
			);
			dependencies = (
			);
			name = HomeWorkers;
			productName = HomeWorkers;
			productReference = 18BA072520845F99002C3DFF /* HomeWorkers.app */;
			productType = "com.apple.product-type.application";
		};
		18BA073C20845F99002C3DFF /* HomeWorkersTests */ = {
			isa = PBXNativeTarget;
			buildConfigurationList = 18BA075420845F99002C3DFF /* Build configuration list for PBXNativeTarget "HomeWorkersTests" */;
			buildPhases = (
				18BA073920845F99002C3DFF /* Sources */,
				18BA073A20845F99002C3DFF /* Frameworks */,
				18BA073B20845F99002C3DFF /* Resources */,
			);
			buildRules = (
			);
			dependencies = (
				18BA073F20845F99002C3DFF /* PBXTargetDependency */,
			);
			name = HomeWorkersTests;
			productName = HomeWorkersTests;
			productReference = 18BA073D20845F99002C3DFF /* HomeWorkersTests.xctest */;
			productType = "com.apple.product-type.bundle.unit-test";
		};
		18BA074720845F99002C3DFF /* HomeWorkersUITests */ = {
			isa = PBXNativeTarget;
			buildConfigurationList = 18BA075720845F99002C3DFF /* Build configuration list for PBXNativeTarget "HomeWorkersUITests" */;
			buildPhases = (
				18BA074420845F99002C3DFF /* Sources */,
				18BA074520845F99002C3DFF /* Frameworks */,
				18BA074620845F99002C3DFF /* Resources */,
			);
			buildRules = (
			);
			dependencies = (
				18BA074A20845F99002C3DFF /* PBXTargetDependency */,
			);
			name = HomeWorkersUITests;
			productName = HomeWorkersUITests;
			productReference = 18BA074820845F99002C3DFF /* HomeWorkersUITests.xctest */;
			productType = "com.apple.product-type.bundle.ui-testing";
		};
/* End PBXNativeTarget section */

/* Begin PBXProject section */
		18BA071D20845F99002C3DFF /* Project object */ = {
			isa = PBXProject;
			attributes = {
				LastUpgradeCheck = 0920;
				ORGANIZATIONNAME = apple;
				TargetAttributes = {
					18BA072420845F99002C3DFF = {
						CreatedOnToolsVersion = 9.2;
						ProvisioningStyle = Automatic;
					};
					18BA073C20845F99002C3DFF = {
						CreatedOnToolsVersion = 9.2;
						ProvisioningStyle = Automatic;
						TestTargetID = 18BA072420845F99002C3DFF;
					};
					18BA074720845F99002C3DFF = {
						CreatedOnToolsVersion = 9.2;
						ProvisioningStyle = Automatic;
						TestTargetID = 18BA072420845F99002C3DFF;
					};
				};
			};
			buildConfigurationList = 18BA072020845F99002C3DFF /* Build configuration list for PBXProject "HomeWorkers" */;
			compatibilityVersion = "Xcode 8.0";
			developmentRegion = en;
			hasScannedForEncodings = 0;
			knownRegions = (
				en,
				Base,
			);
			mainGroup = 18BA071C20845F99002C3DFF;
			productRefGroup = 18BA072620845F99002C3DFF /* Products */;
			projectDirPath = "";
			projectRoot = "";
			targets = (
				18BA072420845F99002C3DFF /* HomeWorkers */,
				18BA073C20845F99002C3DFF /* HomeWorkersTests */,
				18BA074720845F99002C3DFF /* HomeWorkersUITests */,
			);
		};
/* End PBXProject section */

/* Begin PBXResourcesBuildPhase section */
		18BA072320845F99002C3DFF /* Resources */ = {
			isa = PBXResourcesBuildPhase;
			buildActionMask = 2147483647;
			files = (
				18BA073520845F99002C3DFF /* LaunchScreen.storyboard in Resources */,
				18BA073220845F99002C3DFF /* Assets.xcassets in Resources */,
				18BA073020845F99002C3DFF /* Main.storyboard in Resources */,
			);
			runOnlyForDeploymentPostprocessing = 0;
		};
		18BA073B20845F99002C3DFF /* Resources */ = {
			isa = PBXResourcesBuildPhase;
			buildActionMask = 2147483647;
			files = (
			);
			runOnlyForDeploymentPostprocessing = 0;
		};
		18BA074620845F99002C3DFF /* Resources */ = {
			isa = PBXResourcesBuildPhase;
			buildActionMask = 2147483647;
			files = (
			);
			runOnlyForDeploymentPostprocessing = 0;
		};
/* End PBXResourcesBuildPhase section */

/* Begin PBXSourcesBuildPhase section */
		18BA072120845F99002C3DFF /* Sources */ = {
			isa = PBXSourcesBuildPhase;
			buildActionMask = 2147483647;
			files = (
				18BA072D20845F99002C3DFF /* ViewController.m in Sources */,
				18BA073820845F99002C3DFF /* main.m in Sources */,
				18BA072A20845F99002C3DFF /* AppDelegate.m in Sources */,
			);
			runOnlyForDeploymentPostprocessing = 0;
		};
		18BA073920845F99002C3DFF /* Sources */ = {
			isa = PBXSourcesBuildPhase;
			buildActionMask = 2147483647;
			files = (
				18BA074220845F99002C3DFF /* HomeWorkersTests.m in Sources */,
			);
			runOnlyForDeploymentPostprocessing = 0;
		};
		18BA074420845F99002C3DFF /* Sources */ = {
			isa = PBXSourcesBuildPhase;
			buildActionMask = 2147483647;
			files = (
				18BA074D20845F99002C3DFF /* HomeWorkersUITests.m in Sources */,
			);
			runOnlyForDeploymentPostprocessing = 0;
		};
/* End PBXSourcesBuildPhase section */

/* Begin PBXTargetDependency section */
		18BA073F20845F99002C3DFF /* PBXTargetDependency */ = {
			isa = PBXTargetDependency;
			target = 18BA072420845F99002C3DFF /* HomeWorkers */;
			targetProxy = 18BA073E20845F99002C3DFF /* PBXContainerItemProxy */;
		};
		18BA074A20845F99002C3DFF /* PBXTargetDependency */ = {
			isa = PBXTargetDependency;
			target = 18BA072420845F99002C3DFF /* HomeWorkers */;
			targetProxy = 18BA074920845F99002C3DFF /* PBXContainerItemProxy */;
		};
/* End PBXTargetDependency section */

/* Begin PBXVariantGroup section */
		18BA072E20845F99002C3DFF /* Main.storyboard */ = {
			isa = PBXVariantGroup;
			children = (
				18BA072F20845F99002C3DFF /* Base */,
			);
			name = Main.storyboard;
			sourceTree = "<group>";
		};
		18BA073320845F99002C3DFF /* LaunchScreen.storyboard */ = {
			isa = PBXVariantGroup;
			children = (
				18BA073420845F99002C3DFF /* Base */,
			);
			name = LaunchScreen.storyboard;
			sourceTree = "<group>";
		};
/* End PBXVariantGroup section */

/* Begin XCBuildConfiguration section */
		18BA074F20845F99002C3DFF /* Debug */ = {
			isa = XCBuildConfiguration;
			buildSettings = {
				ALWAYS_SEARCH_USER_PATHS = NO;
				CLANG_ANALYZER_NONNULL = YES;
				CLANG_ANALYZER_NUMBER_OBJECT_CONVERSION = YES_AGGRESSIVE;
				CLANG_CXX_LANGUAGE_STANDARD = "gnu++14";
				CLANG_CXX_LIBRARY = "libc++";
				CLANG_ENABLE_MODULES = YES;
				CLANG_ENABLE_OBJC_ARC = YES;
				CLANG_WARN_BLOCK_CAPTURE_AUTORELEASING = YES;
				CLANG_WARN_BOOL_CONVERSION = YES;
				CLANG_WARN_COMMA = YES;
				CLANG_WARN_CONSTANT_CONVERSION = YES;
				CLANG_WARN_DIRECT_OBJC_ISA_USAGE = YES_ERROR;
				CLANG_WARN_DOCUMENTATION_COMMENTS = YES;
				CLANG_WARN_EMPTY_BODY = YES;
				CLANG_WARN_ENUM_CONVERSION = YES;
				CLANG_WARN_INFINITE_RECURSION = YES;
				CLANG_WARN_INT_CONVERSION = YES;
				CLANG_WARN_NON_LITERAL_NULL_CONVERSION = YES;
				CLANG_WARN_OBJC_LITERAL_CONVERSION = YES;
				CLANG_WARN_OBJC_ROOT_CLASS = YES_ERROR;
				CLANG_WARN_RANGE_LOOP_ANALYSIS = YES;
				CLANG_WARN_STRICT_PROTOTYPES = YES;
				CLANG_WARN_SUSPICIOUS_MOVE = YES;
				CLANG_WARN_UNGUARDED_AVAILABILITY = YES_AGGRESSIVE;
				CLANG_WARN_UNREACHABLE_CODE = YES;
				CLANG_WARN__DUPLICATE_METHOD_MATCH = YES;
				CODE_SIGN_IDENTITY = "iPhone Developer";
				COPY_PHASE_STRIP = NO;
				DEBUG_INFORMATION_FORMAT = dwarf;
				ENABLE_STRICT_OBJC_MSGSEND = YES;
				ENABLE_TESTABILITY = YES;
				GCC_C_LANGUAGE_STANDARD = gnu11;
				GCC_DYNAMIC_NO_PIC = NO;
				GCC_NO_COMMON_BLOCKS = YES;
				GCC_OPTIMIZATION_LEVEL = 0;
				GCC_PREPROCESSOR_DEFINITIONS = (
					"DEBUG=1",
					"$(inherited)",
				);
				GCC_WARN_64_TO_32_BIT_CONVERSION = YES;
				GCC_WARN_ABOUT_RETURN_TYPE = YES_ERROR;
				GCC_WARN_UNDECLARED_SELECTOR = YES;
				GCC_WARN_UNINITIALIZED_AUTOS = YES_AGGRESSIVE;
				GCC_WARN_UNUSED_FUNCTION = YES;
				GCC_WARN_UNUSED_VARIABLE = YES;
				IPHONEOS_DEPLOYMENT_TARGET = 11.2;
				MTL_ENABLE_DEBUG_INFO = YES;
				ONLY_ACTIVE_ARCH = YES;
				SDKROOT = iphoneos;
			};
			name = Debug;
		};
		18BA075020845F99002C3DFF /* Release */ = {
			isa = XCBuildConfiguration;
			buildSettings = {
				ALWAYS_SEARCH_USER_PATHS = NO;
				CLANG_ANALYZER_NONNULL = YES;
				CLANG_ANALYZER_NUMBER_OBJECT_CONVERSION = YES_AGGRESSIVE;
				CLANG_CXX_LANGUAGE_STANDARD = "gnu++14";
				CLANG_CXX_LIBRARY = "libc++";
				CLANG_ENABLE_MODULES = YES;
				CLANG_ENABLE_OBJC_ARC = YES;
				CLANG_WARN_BLOCK_CAPTURE_AUTORELEASING = YES;
				CLANG_WARN_BOOL_CONVERSION = YES;
				CLANG_WARN_COMMA = YES;
				CLANG_WARN_CONSTANT_CONVERSION = YES;
				CLANG_WARN_DIRECT_OBJC_ISA_USAGE = YES_ERROR;
				CLANG_WARN_DOCUMENTATION_COMMENTS = YES;
				CLANG_WARN_EMPTY_BODY = YES;
				CLANG_WARN_ENUM_CONVERSION = YES;
				CLANG_WARN_INFINITE_RECURSION = YES;
				CLANG_WARN_INT_CONVERSION = YES;
				CLANG_WARN_NON_LITERAL_NULL_CONVERSION = YES;
				CLANG_WARN_OBJC_LITERAL_CONVERSION = YES;
				CLANG_WARN_OBJC_ROOT_CLASS = YES_ERROR;
				CLANG_WARN_RANGE_LOOP_ANALYSIS = YES;
				CLANG_WARN_STRICT_PROTOTYPES = YES;
				CLANG_WARN_SUSPICIOUS_MOVE = YES;
				CLANG_WARN_UNGUARDED_AVAILABILITY = YES_AGGRESSIVE;
				CLANG_WARN_UNREACHABLE_CODE = YES;
				CLANG_WARN__DUPLICATE_METHOD_MATCH = YES;
				CODE_SIGN_IDENTITY = "iPhone Developer";
				COPY_PHASE_STRIP = NO;
				DEBUG_INFORMATION_FORMAT = "dwarf-with-dsym";
				ENABLE_NS_ASSERTIONS = NO;
				ENABLE_STRICT_OBJC_MSGSEND = YES;
				GCC_C_LANGUAGE_STANDARD = gnu11;
				GCC_NO_COMMON_BLOCKS = YES;
				GCC_WARN_64_TO_32_BIT_CONVERSION = YES;
				GCC_WARN_ABOUT_RETURN_TYPE = YES_ERROR;
				GCC_WARN_UNDECLARED_SELECTOR = YES;
				GCC_WARN_UNINITIALIZED_AUTOS = YES_AGGRESSIVE;
				GCC_WARN_UNUSED_FUNCTION = YES;
				GCC_WARN_UNUSED_VARIABLE = YES;
				IPHONEOS_DEPLOYMENT_TARGET = 11.2;
				MTL_ENABLE_DEBUG_INFO = NO;
				SDKROOT = iphoneos;
				VALIDATE_PRODUCT = YES;
			};
			name = Release;
		};
		18BA075220845F99002C3DFF /* Debug */ = {
			isa = XCBuildConfiguration;
			buildSettings = {
				ASSETCATALOG_COMPILER_APPICON_NAME = AppIcon;
				CODE_SIGN_STYLE = Automatic;
				DEVELOPMENT_TEAM = WV96477242;
				INFOPLIST_FILE = HomeWorkers/Info.plist;
				LD_RUNPATH_SEARCH_PATHS = "$(inherited) @executable_path/Frameworks";
				PRODUCT_BUNDLE_IDENTIFIER = apple.HomeWorkers;
				PRODUCT_NAME = "$(TARGET_NAME)";
				TARGETED_DEVICE_FAMILY = "1,2";
			};
			name = Debug;
		};
		18BA075320845F99002C3DFF /* Release */ = {
			isa = XCBuildConfiguration;
			buildSettings = {
				ASSETCATALOG_COMPILER_APPICON_NAME = AppIcon;
				CODE_SIGN_STYLE = Automatic;
				DEVELOPMENT_TEAM = WV96477242;
				INFOPLIST_FILE = HomeWorkers/Info.plist;
				LD_RUNPATH_SEARCH_PATHS = "$(inherited) @executable_path/Frameworks";
				PRODUCT_BUNDLE_IDENTIFIER = apple.HomeWorkers;
				PRODUCT_NAME = "$(TARGET_NAME)";
				TARGETED_DEVICE_FAMILY = "1,2";
			};
			name = Release;
		};
		18BA075520845F99002C3DFF /* Debug */ = {
			isa = XCBuildConfiguration;
			buildSettings = {
				BUNDLE_LOADER = "$(TEST_HOST)";
				CODE_SIGN_STYLE = Automatic;
				DEVELOPMENT_TEAM = WV96477242;
				INFOPLIST_FILE = HomeWorkersTests/Info.plist;
				LD_RUNPATH_SEARCH_PATHS = "$(inherited) @executable_path/Frameworks @loader_path/Frameworks";
				PRODUCT_BUNDLE_IDENTIFIER = apple.HomeWorkersTests;
				PRODUCT_NAME = "$(TARGET_NAME)";
				TARGETED_DEVICE_FAMILY = "1,2";
				TEST_HOST = "$(BUILT_PRODUCTS_DIR)/HomeWorkers.app/HomeWorkers";
			};
			name = Debug;
		};
		18BA075620845F99002C3DFF /* Release */ = {
			isa = XCBuildConfiguration;
			buildSettings = {
				BUNDLE_LOADER = "$(TEST_HOST)";
				CODE_SIGN_STYLE = Automatic;
				DEVELOPMENT_TEAM = WV96477242;
				INFOPLIST_FILE = HomeWorkersTests/Info.plist;
				LD_RUNPATH_SEARCH_PATHS = "$(inherited) @executable_path/Frameworks @loader_path/Frameworks";
				PRODUCT_BUNDLE_IDENTIFIER = apple.HomeWorkersTests;
				PRODUCT_NAME = "$(TARGET_NAME)";
				TARGETED_DEVICE_FAMILY = "1,2";
				TEST_HOST = "$(BUILT_PRODUCTS_DIR)/HomeWorkers.app/HomeWorkers";
			};
			name = Release;
		};
		18BA075820845F99002C3DFF /* Debug */ = {
			isa = XCBuildConfiguration;
			buildSettings = {
				CODE_SIGN_STYLE = Automatic;
				DEVELOPMENT_TEAM = WV96477242;
				INFOPLIST_FILE = HomeWorkersUITests/Info.plist;
				LD_RUNPATH_SEARCH_PATHS = "$(inherited) @executable_path/Frameworks @loader_path/Frameworks";
				PRODUCT_BUNDLE_IDENTIFIER = apple.HomeWorkersUITests;
				PRODUCT_NAME = "$(TARGET_NAME)";
				TARGETED_DEVICE_FAMILY = "1,2";
				TEST_TARGET_NAME = HomeWorkers;
			};
			name = Debug;
		};
		18BA075920845F99002C3DFF /* Release */ = {
			isa = XCBuildConfiguration;
			buildSettings = {
				CODE_SIGN_STYLE = Automatic;
				DEVELOPMENT_TEAM = WV96477242;
				INFOPLIST_FILE = HomeWorkersUITests/Info.plist;
				LD_RUNPATH_SEARCH_PATHS = "$(inherited) @executable_path/Frameworks @loader_path/Frameworks";
				PRODUCT_BUNDLE_IDENTIFIER = apple.HomeWorkersUITests;
				PRODUCT_NAME = "$(TARGET_NAME)";
				TARGETED_DEVICE_FAMILY = "1,2";
				TEST_TARGET_NAME = HomeWorkers;
			};
			name = Release;
		};
/* End XCBuildConfiguration section */

/* Begin XCConfigurationList section */
		18BA072020845F99002C3DFF /* Build configuration list for PBXProject "HomeWorkers" */ = {
			isa = XCConfigurationList;
			buildConfigurations = (
				18BA074F20845F99002C3DFF /* Debug */,
				18BA075020845F99002C3DFF /* Release */,
			);
			defaultConfigurationIsVisible = 0;
			defaultConfigurationName = Release;
		};
		18BA075120845F99002C3DFF /* Build configuration list for PBXNativeTarget "HomeWorkers" */ = {
			isa = XCConfigurationList;
			buildConfigurations = (
				18BA075220845F99002C3DFF /* Debug */,
				18BA075320845F99002C3DFF /* Release */,
			);
			defaultConfigurationIsVisible = 0;
			defaultConfigurationName = Release;
		};
		18BA075420845F99002C3DFF /* Build configuration list for PBXNativeTarget "HomeWorkersTests" */ = {
			isa = XCConfigurationList;
			buildConfigurations = (
				18BA075520845F99002C3DFF /* Debug */,
				18BA075620845F99002C3DFF /* Release */,
			);
			defaultConfigurationIsVisible = 0;
			defaultConfigurationName = Release;
		};
		18BA075720845F99002C3DFF /* Build configuration list for PBXNativeTarget "HomeWorkersUITests" */ = {
			isa = XCConfigurationList;
			buildConfigurations = (
				18BA075820845F99002C3DFF /* Debug */,
				18BA075920845F99002C3DFF /* Release */,
			);
			defaultConfigurationIsVisible = 0;
			defaultConfigurationName = Release;
		};
/* End XCConfigurationList section */
	};
	rootObject = 18BA071D20845F99002C3DFF /* Project object */;
}
